
Microsoft Visual Studio Solution File, Format Version 12.00
# Visual Studio 15
VisualStudioVersion = 15.0.27703.2042
MinimumVisualStudioVersion = 10.0.40219.1
Project("{FAE04EC0-301F-11D3-BF4B-00C04F79EFBC}") = "Particular.TeamCity.TestAide", "Particular.TeamCity.TestAide\Particular.TeamCity.TestAide.csproj", "{2AE4C9EB-F83B-46BC-80E6-74CA5CECE683}"
EndProject
Global
	GlobalSection(SolutionConfigurationPlatforms) = preSolution
		Debug|Any CPU = Debug|Any CPU
		Release|Any CPU = Release|Any CPU
	EndGlobalSection
	GlobalSection(ProjectConfigurationPlatforms) = postSolution
		{2AE4C9EB-F83B-46BC-80E6-74CA5CECE683}.Debug|Any CPU.ActiveCfg = Debug|Any CPU
		{2AE4C9EB-F83B-46BC-80E6-74CA5CECE683}.Debug|Any CPU.Build.0 = Debug|Any CPU
		{2AE4C9EB-F83B-46BC-80E6-74CA5CECE683}.Release|Any CPU.ActiveCfg = Release|Any CPU
		{2AE4C9EB-F83B-46BC-80E6-74CA5CECE683}.Release|Any CPU.Build.0 = Release|Any CPU
	EndGlobalSection
	GlobalSection(SolutionProperties) = preSolution
		HideSolutionNode = FALSE
	EndGlobalSection
	GlobalSection(ExtensibilityGlobals) = postSolution
		SolutionGuid = {E7EB0EB2-AC98-4609-BE53-667ABA8C882F}
	EndGlobalSection
EndGlobal
